
Microsoft Visual Studio Solution File, Format Version 12.00
# Visual Studio Version 16
VisualStudioVersion = 16.0.30907.101
MinimumVisualStudioVersion = 10.0.40219.1
Project("{FAE04EC0-301F-11D3-BF4B-00C04F79EFBC}") = "Vue JS Template AspNet Core 3.1 Web API1", "Vue JS Template AspNet Core 3.1 Web API1\Vue JS Template AspNet Core 3.1 Web API1.csproj", "{2FB679F8-1A39-49AD-B6A0-7429DCA05873}"
EndProject
Global
	GlobalSection(SolutionConfigurationPlatforms) = preSolution
		Debug|Any CPU = Debug|Any CPU
		Release|Any CPU = Release|Any CPU
	EndGlobalSection
	GlobalSection(ProjectConfigurationPlatforms) = postSolution
		{2FB679F8-1A39-49AD-B6A0-7429DCA05873}.Debug|Any CPU.ActiveCfg = Debug|Any CPU
		{2FB679F8-1A39-49AD-B6A0-7429DCA05873}.Debug|Any CPU.Build.0 = Debug|Any CPU
		{2FB679F8-1A39-49AD-B6A0-7429DCA05873}.Release|Any CPU.ActiveCfg = Release|Any CPU
		{2FB679F8-1A39-49AD-B6A0-7429DCA05873}.Release|Any CPU.Build.0 = Release|Any CPU
	EndGlobalSection
	GlobalSection(SolutionProperties) = preSolution
		HideSolutionNode = FALSE
	EndGlobalSection
	GlobalSection(ExtensibilityGlobals) = postSolution
		SolutionGuid = {0EDA59D7-0C65-49B8-B12C-A4EAF28E9EC5}
	EndGlobalSection
EndGlobal
